{
  "name": "aws-codepipeline-example",
  "version": "0.1.0",
  "lockfileVersion": 1,
  "requires": true,
  "dependencies": {
    "@aws-cdk/assets": {
      "version": "1.50.0",
      "resolved": "https://registry.npmjs.org/@aws-cdk/assets/-/assets-1.50.0.tgz",
      "integrity": "sha512-rx3XvgopxBP4vasZrczRtrJ/YutqiRP+Njla8iVn/ub4nRoB7ypf2aZdzqtn2rfHkzK/9Rais67YdYPCzzTbJA==",
      "requires": {
        "@aws-cdk/core": "1.50.0",
        "@aws-cdk/cx-api": "1.50.0",
        "constructs": "^3.0.2"
      }
    },
    "@aws-cdk/aws-apigateway": {
      "version": "1.50.0",
      "resolved": "https://registry.npmjs.org/@aws-cdk/aws-apigateway/-/aws-apigateway-1.50.0.tgz",
      "integrity": "sha512-lZ+5OUag+xtUbxRyHZ/1jUtjyf33ZvWETP9xWbi/YGz4VBpfj4N+QrUOe7xtnTJ7wcWN0BL13VLoZKA0hqTzvA==",
      "requires": {
        "@aws-cdk/assets": "1.50.0",
        "@aws-cdk/aws-certificatemanager": "1.50.0",
        "@aws-cdk/aws-ec2": "1.50.0",
        "@aws-cdk/aws-elasticloadbalancingv2": "1.50.0",
        "@aws-cdk/aws-iam": "1.50.0",
        "@aws-cdk/aws-lambda": "1.50.0",
        "@aws-cdk/aws-logs": "1.50.0",
        "@aws-cdk/aws-s3": "1.50.0",
        "@aws-cdk/aws-s3-assets": "1.50.0",
        "@aws-cdk/core": "1.50.0",
        "@aws-cdk/cx-api": "1.50.0",
        "constructs": "^3.0.2"
      }
    },
    "@aws-cdk/aws-applicationautoscaling": {
      "version": "1.50.0",
      "resolved": "https://registry.npmjs.org/@aws-cdk/aws-applicationautoscaling/-/aws-applicationautoscaling-1.50.0.tgz",
      "integrity": "sha512-fWEYyMekOTeBNkbj0ruGSvTLEcU3RASIi8HJf+6p0BFeMMUglKHtq7U0tmUt/VsUdsXRVLpj+5GAbXhsifSU/w==",
      "requires": {
        "@aws-cdk/aws-autoscaling-common": "1.50.0",
        "@aws-cdk/aws-cloudwatch": "1.50.0",
        "@aws-cdk/aws-iam": "1.50.0",
        "@aws-cdk/core": "1.50.0",
        "constructs": "^3.0.2"
      }
    },
    "@aws-cdk/aws-autoscaling": {
      "version": "1.50.0",
      "resolved": "https://registry.npmjs.org/@aws-cdk/aws-autoscaling/-/aws-autoscaling-1.50.0.tgz",
      "integrity": "sha512-922D2nRwNG5XEiP/y5E4H+VBQpjcs05mktEXDLM50tZTE8S0hufzKp1NAA1d+XHi7h2HnthO0ow1YwegHorxFA==",
      "requires": {
        "@aws-cdk/aws-autoscaling-common": "1.50.0",
        "@aws-cdk/aws-cloudwatch": "1.50.0",
        "@aws-cdk/aws-ec2": "1.50.0",
        "@aws-cdk/aws-elasticloadbalancing": "1.50.0",
        "@aws-cdk/aws-elasticloadbalancingv2": "1.50.0",
        "@aws-cdk/aws-iam": "1.50.0",
        "@aws-cdk/aws-sns": "1.50.0",
        "@aws-cdk/core": "1.50.0",
        "constructs": "^3.0.2"
      }
    },
    "@aws-cdk/aws-autoscaling-common": {
      "version": "1.50.0",
      "resolved": "https://registry.npmjs.org/@aws-cdk/aws-autoscaling-common/-/aws-autoscaling-common-1.50.0.tgz",
      "integrity": "sha512-LINBL3+q23oRypgEm5En32R9bi1DGtC8WH1pkd47fCB2ye5MtSZPfkuAx+xA5utNAdD9GxX8+z648eiaWAjkeA==",
      "requires": {
        "@aws-cdk/aws-iam": "1.50.0",
        "@aws-cdk/core": "1.50.0",
        "constructs": "^3.0.2"
      }
    },
    "@aws-cdk/aws-autoscaling-hooktargets": {
      "version": "1.50.0",
      "resolved": "https://registry.npmjs.org/@aws-cdk/aws-autoscaling-hooktargets/-/aws-autoscaling-hooktargets-1.50.0.tgz",
      "integrity": "sha512-6P8i18pelImpqqO4htqgdT6xgPWFODKZp0DLIpm210R2m3PzYwncvHVG0QxQjkuwVv1VvakazA9/1L9LeFOqHw==",
      "requires": {
        "@aws-cdk/aws-autoscaling": "1.50.0",
        "@aws-cdk/aws-iam": "1.50.0",
        "@aws-cdk/aws-lambda": "1.50.0",
        "@aws-cdk/aws-sns": "1.50.0",
        "@aws-cdk/aws-sns-subscriptions": "1.50.0",
        "@aws-cdk/aws-sqs": "1.50.0",
        "@aws-cdk/core": "1.50.0",
        "constructs": "^3.0.2"
      }
    },
    "@aws-cdk/aws-batch": {
      "version": "1.50.0",
      "resolved": "https://registry.npmjs.org/@aws-cdk/aws-batch/-/aws-batch-1.50.0.tgz",
      "integrity": "sha512-ca0SG/i0yDzDDG+9QQOU6Sdj54AnTAmmVhRFbJUASPUd2Gj+2HfR4mvBXxocX8TzwgFtI8aT6ojBtz7zrwqVYQ==",
      "requires": {
        "@aws-cdk/aws-ec2": "1.50.0",
        "@aws-cdk/aws-ecr": "1.50.0",
        "@aws-cdk/aws-ecs": "1.50.0",
        "@aws-cdk/aws-iam": "1.50.0",
        "@aws-cdk/core": "1.50.0",
        "constructs": "^3.0.2"
      }
    },
    "@aws-cdk/aws-certificatemanager": {
      "version": "1.50.0",
      "resolved": "https://registry.npmjs.org/@aws-cdk/aws-certificatemanager/-/aws-certificatemanager-1.50.0.tgz",
      "integrity": "sha512-RufQtYKVd15x0ZYS5CLXmC/nxafHNbvz2K/WuNbx5wE0B3WcDdYgxG6xrFERcZo0fU532oKkW8zvFB7yGantoA==",
      "requires": {
        "@aws-cdk/aws-iam": "1.50.0",
        "@aws-cdk/aws-lambda": "1.50.0",
        "@aws-cdk/aws-route53": "1.50.0",
        "@aws-cdk/core": "1.50.0",
        "constructs": "^3.0.2"
      }
    },
    "@aws-cdk/aws-cloudformation": {
      "version": "1.50.0",
      "resolved": "https://registry.npmjs.org/@aws-cdk/aws-cloudformation/-/aws-cloudformation-1.50.0.tgz",
      "integrity": "sha512-vnIhshSxRCjk+gxfUbQIeT1rMQW9E88HCAPSNKpOAgdw5OeckzbHphJyCfuPx90wUmEZeINRKDWsG2PsNPP1gA==",
      "requires": {
        "@aws-cdk/aws-iam": "1.50.0",
        "@aws-cdk/aws-lambda": "1.50.0",
        "@aws-cdk/aws-s3": "1.50.0",
        "@aws-cdk/aws-sns": "1.50.0",
        "@aws-cdk/core": "1.50.0",
        "@aws-cdk/cx-api": "1.50.0",
        "constructs": "^3.0.2"
      }
    },
    "@aws-cdk/aws-cloudfront": {
      "version": "1.50.0",
      "resolved": "https://registry.npmjs.org/@aws-cdk/aws-cloudfront/-/aws-cloudfront-1.50.0.tgz",
      "integrity": "sha512-SIoyoDSz2YAOogfYp8knhsLqGb0vyY8YuwVABWmvI4pBqHpGlGkGkBSPkI3Eivc3zSIOrB7l2xSRMEHg7OqcUA==",
      "requires": {
        "@aws-cdk/aws-certificatemanager": "1.50.0",
        "@aws-cdk/aws-iam": "1.50.0",
        "@aws-cdk/aws-kms": "1.50.0",
        "@aws-cdk/aws-lambda": "1.50.0",
        "@aws-cdk/aws-s3": "1.50.0",
        "@aws-cdk/core": "1.50.0",
        "constructs": "^3.0.2"
      }
    },
    "@aws-cdk/aws-cloudwatch": {
      "version": "1.50.0",
      "resolved": "https://registry.npmjs.org/@aws-cdk/aws-cloudwatch/-/aws-cloudwatch-1.50.0.tgz",
      "integrity": "sha512-iT3ZvTPrGkH8VTnwDaH65yyl/ypETzRYSPb9l400e8ywsPU2YonrbgoURWA/QtX61bQiSEt0K1kpyTn1rLIXXA==",
      "requires": {
        "@aws-cdk/aws-iam": "1.50.0",
        "@aws-cdk/core": "1.50.0",
        "constructs": "^3.0.2"
      }
    },
    "@aws-cdk/aws-codebuild": {
      "version": "1.50.0",
      "resolved": "https://registry.npmjs.org/@aws-cdk/aws-codebuild/-/aws-codebuild-1.50.0.tgz",
      "integrity": "sha512-7GKrZz0yvOy9BJmBP3FkfoCjQSa84RdWftmfLBcS/nQAm/QOd8vt4DHNZIL8DXJJ8dGA4u3xb+eJ+y+nYExfDw==",
      "requires": {
        "@aws-cdk/assets": "1.50.0",
        "@aws-cdk/aws-cloudwatch": "1.50.0",
        "@aws-cdk/aws-codecommit": "1.50.0",
        "@aws-cdk/aws-ec2": "1.50.0",
        "@aws-cdk/aws-ecr": "1.50.0",
        "@aws-cdk/aws-ecr-assets": "1.50.0",
        "@aws-cdk/aws-events": "1.50.0",
        "@aws-cdk/aws-iam": "1.50.0",
        "@aws-cdk/aws-kms": "1.50.0",
        "@aws-cdk/aws-s3": "1.50.0",
        "@aws-cdk/aws-s3-assets": "1.50.0",
        "@aws-cdk/aws-secretsmanager": "1.50.0",
        "@aws-cdk/core": "1.50.0",
        "constructs": "^3.0.2"
      }
    },
    "@aws-cdk/aws-codecommit": {
      "version": "1.50.0",
      "resolved": "https://registry.npmjs.org/@aws-cdk/aws-codecommit/-/aws-codecommit-1.50.0.tgz",
      "integrity": "sha512-4KaWrGakMHsxse7TK2Yg8EcQ0sKfD962sc1Qlp43qXNivpHtWeluLw2wXk6RCcW1e8YtRa6/LCaUcrTWBdlBPw==",
      "requires": {
        "@aws-cdk/aws-events": "1.50.0",
        "@aws-cdk/aws-iam": "1.50.0",
        "@aws-cdk/core": "1.50.0",
        "constructs": "^3.0.2"
      }
    },
    "@aws-cdk/aws-codedeploy": {
      "version": "1.50.0",
      "resolved": "https://registry.npmjs.org/@aws-cdk/aws-codedeploy/-/aws-codedeploy-1.50.0.tgz",
      "integrity": "sha512-vw3Gb4DUIFJcRfe1HD/07awf7gxTWV7wqqr9ec5jnVx9+GgQqDWxQOx/FBWPIBHcOgfF7VP3wbJ+SjS9YN6LEg==",
      "requires": {
        "@aws-cdk/aws-autoscaling": "1.50.0",
        "@aws-cdk/aws-cloudwatch": "1.50.0",
        "@aws-cdk/aws-ec2": "1.50.0",
        "@aws-cdk/aws-elasticloadbalancing": "1.50.0",
        "@aws-cdk/aws-elasticloadbalancingv2": "1.50.0",
        "@aws-cdk/aws-iam": "1.50.0",
        "@aws-cdk/aws-lambda": "1.50.0",
        "@aws-cdk/aws-s3": "1.50.0",
        "@aws-cdk/core": "1.50.0",
        "constructs": "^3.0.2"
      }
    },
    "@aws-cdk/aws-codepipeline": {
      "version": "1.50.0",
      "resolved": "https://registry.npmjs.org/@aws-cdk/aws-codepipeline/-/aws-codepipeline-1.50.0.tgz",
      "integrity": "sha512-z9HqR4hB1FyYSW+HZfhmzhqtAGL3y7DMzgUnyonfHjcZP3MwTfgCfDGmp9ElFOjXRqam6c5WkPlIcdtX8J1xZA==",
      "requires": {
        "@aws-cdk/aws-events": "1.50.0",
        "@aws-cdk/aws-iam": "1.50.0",
        "@aws-cdk/aws-kms": "1.50.0",
        "@aws-cdk/aws-s3": "1.50.0",
        "@aws-cdk/core": "1.50.0",
        "constructs": "^3.0.2"
      }
    },
    "@aws-cdk/aws-codepipeline-actions": {
      "version": "1.50.0",
      "resolved": "https://registry.npmjs.org/@aws-cdk/aws-codepipeline-actions/-/aws-codepipeline-actions-1.50.0.tgz",
      "integrity": "sha512-y6UWGhrJ5nc0VEEjCqivBXlL5qNGXRnb9YU0LzNYEF9j+1ZIu/ZY+RXVkV+BLsXh3+JRVQ9Zr9rNT3h4NLAccQ==",
      "requires": {
        "@aws-cdk/aws-cloudformation": "1.50.0",
        "@aws-cdk/aws-codebuild": "1.50.0",
        "@aws-cdk/aws-codecommit": "1.50.0",
        "@aws-cdk/aws-codedeploy": "1.50.0",
        "@aws-cdk/aws-codepipeline": "1.50.0",
        "@aws-cdk/aws-ec2": "1.50.0",
        "@aws-cdk/aws-ecr": "1.50.0",
        "@aws-cdk/aws-ecs": "1.50.0",
        "@aws-cdk/aws-events": "1.50.0",
        "@aws-cdk/aws-events-targets": "1.50.0",
        "@aws-cdk/aws-iam": "1.50.0",
        "@aws-cdk/aws-lambda": "1.50.0",
        "@aws-cdk/aws-s3": "1.50.0",
        "@aws-cdk/aws-sns": "1.50.0",
        "@aws-cdk/aws-sns-subscriptions": "1.50.0",
        "@aws-cdk/core": "1.50.0",
        "case": "1.6.3",
        "constructs": "^3.0.2"
      },
      "dependencies": {
        "case": {
          "version": "1.6.3",
          "bundled": true
        }
      }
    },
    "@aws-cdk/aws-cognito": {
      "version": "1.50.0",
      "resolved": "https://registry.npmjs.org/@aws-cdk/aws-cognito/-/aws-cognito-1.50.0.tgz",
      "integrity": "sha512-HMSTRq+ub/BxK0GNNozPLzZuws+1rsN/WvK6w+TRpZBZuNM3zZPyT0Ic/0cXiIsUZ6OYR6RakKUd7OCA2xkWEA==",
      "requires": {
        "@aws-cdk/aws-certificatemanager": "1.50.0",
        "@aws-cdk/aws-iam": "1.50.0",
        "@aws-cdk/aws-lambda": "1.50.0",
        "@aws-cdk/core": "1.50.0",
        "@aws-cdk/custom-resources": "1.50.0",
        "constructs": "^3.0.2"
      }
    },
    "@aws-cdk/aws-ec2": {
      "version": "1.50.0",
      "resolved": "https://registry.npmjs.org/@aws-cdk/aws-ec2/-/aws-ec2-1.50.0.tgz",
      "integrity": "sha512-QTcyOvrQTg+ekNeYXEkmv1Q1FBoQmpC9YxLULNqpvfqRADvLRynqk0z6jm4RbOPG8NIGE7yUohMnHeZxHC0QFA==",
      "requires": {
        "@aws-cdk/aws-cloudwatch": "1.50.0",
        "@aws-cdk/aws-iam": "1.50.0",
        "@aws-cdk/aws-kms": "1.50.0",
        "@aws-cdk/aws-logs": "1.50.0",
        "@aws-cdk/aws-s3": "1.50.0",
        "@aws-cdk/aws-ssm": "1.50.0",
        "@aws-cdk/cloud-assembly-schema": "1.50.0",
        "@aws-cdk/core": "1.50.0",
        "@aws-cdk/cx-api": "1.50.0",
        "@aws-cdk/region-info": "1.50.0",
        "constructs": "^3.0.2"
      }
    },
    "@aws-cdk/aws-ecr": {
      "version": "1.50.0",
      "resolved": "https://registry.npmjs.org/@aws-cdk/aws-ecr/-/aws-ecr-1.50.0.tgz",
      "integrity": "sha512-08Z5KQr6byoPeFizD7otQ/saiVmpAZ9FUFla2qoAjqencSjjeQ1O/+iS35hi6/HyJvh504E8qKx8CFcMv1OYew==",
      "requires": {
        "@aws-cdk/aws-events": "1.50.0",
        "@aws-cdk/aws-iam": "1.50.0",
        "@aws-cdk/core": "1.50.0",
        "@aws-cdk/custom-resources": "1.50.0",
        "constructs": "^3.0.2"
      }
    },
    "@aws-cdk/aws-ecr-assets": {
      "version": "1.50.0",
      "resolved": "https://registry.npmjs.org/@aws-cdk/aws-ecr-assets/-/aws-ecr-assets-1.50.0.tgz",
      "integrity": "sha512-HKZaNbuqEUasrGkuIJ8H/RWShpYlF0y6pfXcwaSIvPpIV+bDMxiZOHh0v5v1H58/y+fxA19ZcJmi0KnaRa/jIA==",
      "requires": {
        "@aws-cdk/assets": "1.50.0",
        "@aws-cdk/aws-ecr": "1.50.0",
        "@aws-cdk/aws-iam": "1.50.0",
        "@aws-cdk/aws-lambda": "1.50.0",
        "@aws-cdk/aws-s3": "1.50.0",
        "@aws-cdk/core": "1.50.0",
        "@aws-cdk/cx-api": "1.50.0",
        "constructs": "^3.0.2",
        "minimatch": "^3.0.4"
      },
      "dependencies": {
        "balanced-match": {
          "version": "1.0.0",
          "bundled": true
        },
        "brace-expansion": {
          "version": "1.1.11",
          "bundled": true,
          "requires": {
            "balanced-match": "^1.0.0",
            "concat-map": "0.0.1"
          }
        },
        "concat-map": {
          "version": "0.0.1",
          "bundled": true
        },
        "minimatch": {
          "version": "3.0.4",
          "bundled": true,
          "requires": {
            "brace-expansion": "^1.1.7"
          }
        }
      }
    },
    "@aws-cdk/aws-ecs": {
      "version": "1.50.0",
      "resolved": "https://registry.npmjs.org/@aws-cdk/aws-ecs/-/aws-ecs-1.50.0.tgz",
      "integrity": "sha512-VOFr0aPHXPxulF0NBZO1JCsh7jbM71pf+p8HQgwV84QpY7ufYUOxna+Q6836NXV14fE0LPzkyOxFPIYuxt9Kzw==",
      "requires": {
        "@aws-cdk/aws-applicationautoscaling": "1.50.0",
        "@aws-cdk/aws-autoscaling": "1.50.0",
        "@aws-cdk/aws-autoscaling-hooktargets": "1.50.0",
        "@aws-cdk/aws-certificatemanager": "1.50.0",
        "@aws-cdk/aws-cloudwatch": "1.50.0",
        "@aws-cdk/aws-ec2": "1.50.0",
        "@aws-cdk/aws-ecr": "1.50.0",
        "@aws-cdk/aws-ecr-assets": "1.50.0",
        "@aws-cdk/aws-elasticloadbalancing": "1.50.0",
        "@aws-cdk/aws-elasticloadbalancingv2": "1.50.0",
        "@aws-cdk/aws-iam": "1.50.0",
        "@aws-cdk/aws-lambda": "1.50.0",
        "@aws-cdk/aws-logs": "1.50.0",
        "@aws-cdk/aws-route53": "1.50.0",
        "@aws-cdk/aws-route53-targets": "1.50.0",
        "@aws-cdk/aws-secretsmanager": "1.50.0",
        "@aws-cdk/aws-servicediscovery": "1.50.0",
        "@aws-cdk/aws-sns": "1.50.0",
        "@aws-cdk/aws-sqs": "1.50.0",
        "@aws-cdk/aws-ssm": "1.50.0",
        "@aws-cdk/core": "1.50.0",
        "@aws-cdk/cx-api": "1.50.0",
        "constructs": "^3.0.2"
      }
    },
    "@aws-cdk/aws-efs": {
      "version": "1.50.0",
      "resolved": "https://registry.npmjs.org/@aws-cdk/aws-efs/-/aws-efs-1.50.0.tgz",
      "integrity": "sha512-2JyBqPVP8hnJX2TVaN3STC7YIsC/7GgBTV4cXlH0e39NKm6CM9KI0/olv9yulSXknS85lh+0Mwt1KtMV7WCTAA==",
      "requires": {
        "@aws-cdk/aws-ec2": "1.50.0",
        "@aws-cdk/aws-kms": "1.50.0",
        "@aws-cdk/cloud-assembly-schema": "1.50.0",
        "@aws-cdk/core": "1.50.0",
        "@aws-cdk/cx-api": "1.50.0",
        "constructs": "^3.0.2"
      }
    },
    "@aws-cdk/aws-elasticloadbalancing": {
      "version": "1.50.0",
      "resolved": "https://registry.npmjs.org/@aws-cdk/aws-elasticloadbalancing/-/aws-elasticloadbalancing-1.50.0.tgz",
      "integrity": "sha512-SC7sLg+ADGRrsoqMpc9xtL0jGs7S8o7Vgv73o9ZqLs3YIQaCaBcD+OKp9QTRD6bzlSmxVrKslx510jJb0bhXMw==",
      "requires": {
        "@aws-cdk/aws-ec2": "1.50.0",
        "@aws-cdk/core": "1.50.0",
        "constructs": "^3.0.2"
      }
    },
    "@aws-cdk/aws-elasticloadbalancingv2": {
      "version": "1.50.0",
      "resolved": "https://registry.npmjs.org/@aws-cdk/aws-elasticloadbalancingv2/-/aws-elasticloadbalancingv2-1.50.0.tgz",
      "integrity": "sha512-o9ocb8JPS3clzNxyZsUAV7lGzIlsbPbE8Dwktuo0xcVyBGzXkAlPf3Pt8mAW5d37BLCST5aPTJ/h43LMNHtNsg==",
      "requires": {
        "@aws-cdk/aws-certificatemanager": "1.50.0",
        "@aws-cdk/aws-cloudwatch": "1.50.0",
        "@aws-cdk/aws-ec2": "1.50.0",
        "@aws-cdk/aws-iam": "1.50.0",
        "@aws-cdk/aws-lambda": "1.50.0",
        "@aws-cdk/aws-s3": "1.50.0",
        "@aws-cdk/core": "1.50.0",
        "constructs": "^3.0.2"
      }
    },
    "@aws-cdk/aws-events": {
      "version": "1.50.0",
      "resolved": "https://registry.npmjs.org/@aws-cdk/aws-events/-/aws-events-1.50.0.tgz",
      "integrity": "sha512-ppKxkbu5QmyMLhd1irAJccJ8vI4WwS0hzvR/Cxvpw2sE95T/kgUHlcsyG02eMnoqV1RbNKeLEBWu9bKHwUXwUw==",
      "requires": {
        "@aws-cdk/aws-iam": "1.50.0",
        "@aws-cdk/core": "1.50.0",
        "constructs": "^3.0.2"
      }
    },
    "@aws-cdk/aws-events-targets": {
      "version": "1.50.0",
      "resolved": "https://registry.npmjs.org/@aws-cdk/aws-events-targets/-/aws-events-targets-1.50.0.tgz",
      "integrity": "sha512-/IqMUraMEE6gkUfhlAf+nw2grWXAifaS/2z1geAHaLDUOM664CMT6/85Kf4sT3tEQUVNgQJ8DYJjKSv8XQPL0w==",
      "requires": {
        "@aws-cdk/aws-batch": "1.50.0",
        "@aws-cdk/aws-codebuild": "1.50.0",
        "@aws-cdk/aws-codepipeline": "1.50.0",
        "@aws-cdk/aws-ec2": "1.50.0",
        "@aws-cdk/aws-ecs": "1.50.0",
        "@aws-cdk/aws-events": "1.50.0",
        "@aws-cdk/aws-iam": "1.50.0",
        "@aws-cdk/aws-kinesis": "1.50.0",
        "@aws-cdk/aws-lambda": "1.50.0",
        "@aws-cdk/aws-sns": "1.50.0",
        "@aws-cdk/aws-sns-subscriptions": "1.50.0",
        "@aws-cdk/aws-sqs": "1.50.0",
        "@aws-cdk/aws-stepfunctions": "1.50.0",
        "@aws-cdk/core": "1.50.0",
        "constructs": "^3.0.2"
      }
    },
    "@aws-cdk/aws-iam": {
      "version": "1.50.0",
      "resolved": "https://registry.npmjs.org/@aws-cdk/aws-iam/-/aws-iam-1.50.0.tgz",
      "integrity": "sha512-pHVjYzEVnrZaUNluCr//ebhwIjSK0InGOTtfOPJADDB56kw7ZYwsStzlhYhsUF25/EFV4yuhb3viwAB7XlDBpg==",
      "requires": {
        "@aws-cdk/core": "1.50.0",
        "@aws-cdk/region-info": "1.50.0",
        "constructs": "^3.0.2"
      }
    },
    "@aws-cdk/aws-kinesis": {
      "version": "1.50.0",
      "resolved": "https://registry.npmjs.org/@aws-cdk/aws-kinesis/-/aws-kinesis-1.50.0.tgz",
      "integrity": "sha512-f0f0SWP0A8nJaYRU+VxU5wevCvfKi0c4WcffJgwyHP2hlGyeHF1MeZOKFd2AuVCt/PbvRECk8zvTwxyT5ohIAg==",
      "requires": {
        "@aws-cdk/aws-iam": "1.50.0",
        "@aws-cdk/aws-kms": "1.50.0",
        "@aws-cdk/aws-logs": "1.50.0",
        "@aws-cdk/core": "1.50.0",
        "constructs": "^3.0.2"
      }
    },
    "@aws-cdk/aws-kms": {
      "version": "1.50.0",
      "resolved": "https://registry.npmjs.org/@aws-cdk/aws-kms/-/aws-kms-1.50.0.tgz",
      "integrity": "sha512-lKdlfybgRtyocT2+sFsVSYqbnmDqi2/9drJiGqI0114887W3R8D+bKKpg5bR0jtiB5tUoC9ymx2cFAjBVyfNtQ==",
      "requires": {
        "@aws-cdk/aws-iam": "1.50.0",
        "@aws-cdk/core": "1.50.0",
        "constructs": "^3.0.2"
      }
    },
    "@aws-cdk/aws-lambda": {
      "version": "1.50.0",
      "resolved": "https://registry.npmjs.org/@aws-cdk/aws-lambda/-/aws-lambda-1.50.0.tgz",
      "integrity": "sha512-l4j+Qrh9L0SdV5InAhNtPnSWROQVxm+igpNJi03vHchLvY/gDiHvwrt1e/XYyegLTy2sFJceNf5cVc3QDkSMHQ==",
      "requires": {
        "@aws-cdk/aws-cloudwatch": "1.50.0",
        "@aws-cdk/aws-ec2": "1.50.0",
        "@aws-cdk/aws-efs": "1.50.0",
        "@aws-cdk/aws-events": "1.50.0",
        "@aws-cdk/aws-iam": "1.50.0",
        "@aws-cdk/aws-logs": "1.50.0",
        "@aws-cdk/aws-s3": "1.50.0",
        "@aws-cdk/aws-s3-assets": "1.50.0",
        "@aws-cdk/aws-sqs": "1.50.0",
        "@aws-cdk/core": "1.50.0",
        "@aws-cdk/cx-api": "1.50.0",
        "constructs": "^3.0.2"
      }
    },
    "@aws-cdk/aws-logs": {
      "version": "1.50.0",
      "resolved": "https://registry.npmjs.org/@aws-cdk/aws-logs/-/aws-logs-1.50.0.tgz",
      "integrity": "sha512-3XFQ7R1+592yKxfAx4u8Be70lWwwo2MVKgTj0mcL+T5oz24KRmhXrqeLJNOWdjwQQ+K0myyzZV6E0yphtshUMw==",
      "requires": {
        "@aws-cdk/aws-cloudwatch": "1.50.0",
        "@aws-cdk/aws-iam": "1.50.0",
        "@aws-cdk/core": "1.50.0",
        "constructs": "^3.0.2"
      }
    },
    "@aws-cdk/aws-route53": {
      "version": "1.50.0",
      "resolved": "https://registry.npmjs.org/@aws-cdk/aws-route53/-/aws-route53-1.50.0.tgz",
      "integrity": "sha512-KZ9q3WltvNLsyiHmuwTVmAxvhbquE00ggo+4JS7qOL0ipJmSBKnQTN7KJ2Z9bVnkyAGNvSn6vAG4/BsVdexi0w==",
      "requires": {
        "@aws-cdk/aws-ec2": "1.50.0",
        "@aws-cdk/aws-logs": "1.50.0",
        "@aws-cdk/cloud-assembly-schema": "1.50.0",
        "@aws-cdk/core": "1.50.0",
        "constructs": "^3.0.2"
      }
    },
    "@aws-cdk/aws-route53-targets": {
      "version": "1.50.0",
      "resolved": "https://registry.npmjs.org/@aws-cdk/aws-route53-targets/-/aws-route53-targets-1.50.0.tgz",
      "integrity": "sha512-q7RgbGjrLPdvovkqOyzPQldy1fWmNZJtRKigf07OtrIATJk4BYKMXJGKe3LYZtGJ/bM41hSqfNvQHhEAZCqH6A==",
      "requires": {
        "@aws-cdk/aws-apigateway": "1.50.0",
        "@aws-cdk/aws-cloudfront": "1.50.0",
        "@aws-cdk/aws-cognito": "1.50.0",
        "@aws-cdk/aws-ec2": "1.50.0",
        "@aws-cdk/aws-elasticloadbalancing": "1.50.0",
        "@aws-cdk/aws-elasticloadbalancingv2": "1.50.0",
        "@aws-cdk/aws-iam": "1.50.0",
        "@aws-cdk/aws-route53": "1.50.0",
        "@aws-cdk/aws-s3": "1.50.0",
        "@aws-cdk/core": "1.50.0",
        "@aws-cdk/region-info": "1.50.0",
        "constructs": "^3.0.2"
      }
    },
    "@aws-cdk/aws-s3": {
      "version": "1.50.0",
      "resolved": "https://registry.npmjs.org/@aws-cdk/aws-s3/-/aws-s3-1.50.0.tgz",
      "integrity": "sha512-r6zIzZCXv0s7mI4lq6QNBqyfXNE5rw6Co53X/AEZ2CpAifNuGtmMbcbrsR1Vm0zWN7mweSd5ge1Xj96rAZ1RiQ==",
      "requires": {
        "@aws-cdk/aws-events": "1.50.0",
        "@aws-cdk/aws-iam": "1.50.0",
        "@aws-cdk/aws-kms": "1.50.0",
        "@aws-cdk/core": "1.50.0",
        "constructs": "^3.0.2"
      }
    },
    "@aws-cdk/aws-s3-assets": {
      "version": "1.50.0",
      "resolved": "https://registry.npmjs.org/@aws-cdk/aws-s3-assets/-/aws-s3-assets-1.50.0.tgz",
      "integrity": "sha512-OfBz2xDBuhkzrJrr5JFZCVGu19veO6UgeCJBchq7svmbWRlWiRmg2lZJ3yu8jfvGkxvg8AoR5HkqISAJfs4prA==",
      "requires": {
        "@aws-cdk/assets": "1.50.0",
        "@aws-cdk/aws-iam": "1.50.0",
        "@aws-cdk/aws-kms": "1.50.0",
        "@aws-cdk/aws-s3": "1.50.0",
        "@aws-cdk/core": "1.50.0",
        "@aws-cdk/cx-api": "1.50.0",
        "constructs": "^3.0.2"
      }
    },
    "@aws-cdk/aws-sam": {
      "version": "1.50.0",
      "resolved": "https://registry.npmjs.org/@aws-cdk/aws-sam/-/aws-sam-1.50.0.tgz",
      "integrity": "sha512-NG6D8nc9pu2xmAayjCubc086OCemJ3mATLlmKkMBjJQ4auWooJsTeNRJ1A415pnuiZEOIBpCUkfcZ2UOSuyJbw==",
      "requires": {
        "@aws-cdk/core": "1.50.0",
        "constructs": "^3.0.2"
      }
    },
    "@aws-cdk/aws-secretsmanager": {
      "version": "1.50.0",
      "resolved": "https://registry.npmjs.org/@aws-cdk/aws-secretsmanager/-/aws-secretsmanager-1.50.0.tgz",
      "integrity": "sha512-VMF3/nqrWPOueLDiEd+MlFx9+BQAFL7K/xI0RyWGDJ/vtiimW3gLlt5t0f37yg48c2rpWvikECG1gcB/KZX15w==",
      "requires": {
        "@aws-cdk/aws-ec2": "1.50.0",
        "@aws-cdk/aws-iam": "1.50.0",
        "@aws-cdk/aws-kms": "1.50.0",
        "@aws-cdk/aws-lambda": "1.50.0",
        "@aws-cdk/aws-sam": "1.50.0",
        "@aws-cdk/core": "1.50.0",
        "constructs": "^3.0.2"
      }
    },
    "@aws-cdk/aws-servicediscovery": {
      "version": "1.50.0",
      "resolved": "https://registry.npmjs.org/@aws-cdk/aws-servicediscovery/-/aws-servicediscovery-1.50.0.tgz",
      "integrity": "sha512-WLGa8d0IMI/Wnssad7uT672UIsFfihOlgnIvbgYG8vF2iXqp5mc2sEWTjctygF+O0r2/bXh4ZUb1JhE4U/iJHw==",
      "requires": {
        "@aws-cdk/aws-ec2": "1.50.0",
        "@aws-cdk/aws-elasticloadbalancingv2": "1.50.0",
        "@aws-cdk/aws-route53": "1.50.0",
        "@aws-cdk/core": "1.50.0",
        "constructs": "^3.0.2"
      }
    },
    "@aws-cdk/aws-sns": {
      "version": "1.50.0",
      "resolved": "https://registry.npmjs.org/@aws-cdk/aws-sns/-/aws-sns-1.50.0.tgz",
      "integrity": "sha512-HDSl40MUJ94JDdDtlQlh/q7ZebeO3YVQHPJOqt8c7zmfvUuzq/id3F4oVFNLOlaRLhSN0gt9iJE8tKqvTz9D/g==",
      "requires": {
        "@aws-cdk/aws-cloudwatch": "1.50.0",
        "@aws-cdk/aws-events": "1.50.0",
        "@aws-cdk/aws-iam": "1.50.0",
        "@aws-cdk/aws-kms": "1.50.0",
        "@aws-cdk/aws-sqs": "1.50.0",
        "@aws-cdk/core": "1.50.0",
        "constructs": "^3.0.2"
      }
    },
    "@aws-cdk/aws-sns-subscriptions": {
      "version": "1.50.0",
      "resolved": "https://registry.npmjs.org/@aws-cdk/aws-sns-subscriptions/-/aws-sns-subscriptions-1.50.0.tgz",
      "integrity": "sha512-8Sa/AwHULS3V/HPDCfV7uEG332Aeh+sQoaOKqfuJzZLTQj595GZDL42FyU4/5UD83OpfHyCT5Np6I3srlgXngA==",
      "requires": {
        "@aws-cdk/aws-iam": "1.50.0",
        "@aws-cdk/aws-lambda": "1.50.0",
        "@aws-cdk/aws-sns": "1.50.0",
        "@aws-cdk/aws-sqs": "1.50.0",
        "@aws-cdk/core": "1.50.0",
        "constructs": "^3.0.2"
      }
    },
    "@aws-cdk/aws-sqs": {
      "version": "1.50.0",
      "resolved": "https://registry.npmjs.org/@aws-cdk/aws-sqs/-/aws-sqs-1.50.0.tgz",
      "integrity": "sha512-EIDrkoFRcOL3FXKJodpVkBrE5pKrJP7jsOZjMd0SvyRTnJH0MGS/JSJTh/0AAdU3v1F/FCa48wYKYruuveOv6A==",
      "requires": {
        "@aws-cdk/aws-cloudwatch": "1.50.0",
        "@aws-cdk/aws-iam": "1.50.0",
        "@aws-cdk/aws-kms": "1.50.0",
        "@aws-cdk/core": "1.50.0",
        "constructs": "^3.0.2"
      }
    },
    "@aws-cdk/aws-ssm": {
      "version": "1.50.0",
      "resolved": "https://registry.npmjs.org/@aws-cdk/aws-ssm/-/aws-ssm-1.50.0.tgz",
      "integrity": "sha512-AfVz1aKA4dA4pB3Kysuqmc+/TrGG0RngwVytztGFQP5dvlcL6Ysr+mOjnjJjXAvjPr5EIHfp3Hx9FgLmrZ+8Gw==",
      "requires": {
        "@aws-cdk/aws-iam": "1.50.0",
        "@aws-cdk/aws-kms": "1.50.0",
        "@aws-cdk/cloud-assembly-schema": "1.50.0",
        "@aws-cdk/core": "1.50.0",
        "constructs": "^3.0.2"
      }
    },
    "@aws-cdk/aws-stepfunctions": {
      "version": "1.50.0",
      "resolved": "https://registry.npmjs.org/@aws-cdk/aws-stepfunctions/-/aws-stepfunctions-1.50.0.tgz",
      "integrity": "sha512-s4Uj900CsgDRxfmddYujIRy/vO5Xnm/5K5yGyQ75t1Dfq9hh3PNHpSO/c9RooCHEVrUNDczuI9Jbt5nUm01rwg==",
      "requires": {
        "@aws-cdk/aws-cloudwatch": "1.50.0",
        "@aws-cdk/aws-events": "1.50.0",
        "@aws-cdk/aws-iam": "1.50.0",
        "@aws-cdk/aws-logs": "1.50.0",
        "@aws-cdk/core": "1.50.0",
        "constructs": "^3.0.2"
      }
    },
    "@aws-cdk/cloud-assembly-schema": {
      "version": "1.50.0",
      "resolved": "https://registry.npmjs.org/@aws-cdk/cloud-assembly-schema/-/cloud-assembly-schema-1.50.0.tgz",
      "integrity": "sha512-69WYKm7XQwSJTHyS+Cr2LlkW5VmxwaHi2g8GNor5WCvg8yRKDNxoTZaHnsEMoCh1HAncsxQYGB1vL60yLFs6QA==",
      "requires": {
        "jsonschema": "^1.2.5",
        "semver": "^7.2.2"
      },
      "dependencies": {
        "jsonschema": {
          "version": "1.2.6",
          "bundled": true
        },
        "semver": {
          "version": "7.3.2",
          "bundled": true
        }
      }
    },
    "@aws-cdk/core": {
      "version": "1.50.0",
      "resolved": "https://registry.npmjs.org/@aws-cdk/core/-/core-1.50.0.tgz",
      "integrity": "sha512-zge85xzVlX3Y0Vn2vKC8LAYxJe7CYLNGcHijxfjFgqbYTrnnuLRLzDm6Ke/5JUBprLT8K95ZRHXYhFFx8lCI7Q==",
      "requires": {
        "@aws-cdk/cloud-assembly-schema": "1.50.0",
        "@aws-cdk/cx-api": "1.50.0",
        "constructs": "^3.0.2",
        "fs-extra": "^9.0.1",
        "minimatch": "^3.0.4"
      },
      "dependencies": {
        "at-least-node": {
          "version": "1.0.0",
          "bundled": true
        },
        "balanced-match": {
          "version": "1.0.0",
          "bundled": true
        },
        "brace-expansion": {
          "version": "1.1.11",
          "bundled": true,
          "requires": {
            "balanced-match": "^1.0.0",
            "concat-map": "0.0.1"
          }
        },
        "concat-map": {
          "version": "0.0.1",
          "bundled": true
        },
        "fs-extra": {
          "version": "9.0.1",
          "bundled": true,
          "requires": {
            "at-least-node": "^1.0.0",
            "graceful-fs": "^4.2.0",
            "jsonfile": "^6.0.1",
            "universalify": "^1.0.0"
          }
        },
        "graceful-fs": {
          "version": "4.2.3",
          "bundled": true
        },
        "jsonfile": {
          "version": "6.0.1",
          "bundled": true,
          "requires": {
            "graceful-fs": "^4.1.6",
            "universalify": "^1.0.0"
          }
        },
        "minimatch": {
          "version": "3.0.4",
          "bundled": true,
          "requires": {
            "brace-expansion": "^1.1.7"
          }
        },
        "universalify": {
          "version": "1.0.0",
          "bundled": true
        }
      }
    },
    "@aws-cdk/custom-resources": {
      "version": "1.50.0",
      "resolved": "https://registry.npmjs.org/@aws-cdk/custom-resources/-/custom-resources-1.50.0.tgz",
      "integrity": "sha512-qYpDkhoQcnlo7QPSqrfB/9dGdpem4sLc5eQmsVVrRuOO3fDTqvT/n3/+nxYr7di2nWBTSFd1KLXimChgyso7sg==",
      "requires": {
        "@aws-cdk/aws-cloudformation": "1.50.0",
        "@aws-cdk/aws-iam": "1.50.0",
        "@aws-cdk/aws-lambda": "1.50.0",
        "@aws-cdk/aws-logs": "1.50.0",
        "@aws-cdk/aws-sns": "1.50.0",
        "@aws-cdk/core": "1.50.0",
        "constructs": "^3.0.2"
      }
    },
    "@aws-cdk/cx-api": {
      "version": "1.50.0",
      "resolved": "https://registry.npmjs.org/@aws-cdk/cx-api/-/cx-api-1.50.0.tgz",
      "integrity": "sha512-XsHbMqSTnri3rqhDuowDfYIQbKe/CU/bRkztt5ERKH38DXK62v3O9ZXflaiDtOQxCt+Sz/zOcpMIOcCfgVc1Tw==",
      "requires": {
        "@aws-cdk/cloud-assembly-schema": "1.50.0",
        "semver": "^7.2.2"
      },
      "dependencies": {
        "semver": {
          "version": "7.3.2",
          "bundled": true
        }
      }
    },
    "@aws-cdk/region-info": {
      "version": "1.50.0",
      "resolved": "https://registry.npmjs.org/@aws-cdk/region-info/-/region-info-1.50.0.tgz",
      "integrity": "sha512-ze4kwJ39H/bOHSJ7o7qZVqMAWG1rmO3K3fEVrZHg6AydC6B7g1mUfb38eZ4FM8i8q5DLSzCf3OXeTVYwTnJSYQ=="
    },
    "constructs": {
      "version": "3.0.4",
      "resolved": "https://registry.npmjs.org/constructs/-/constructs-3.0.4.tgz",
      "integrity": "sha512-CDvg7gMjphE3DFX4pzkF6j73NREbR8npPFW8Mx/CLRnMR035+Y1o1HrXIsNSss/dq3ZUnNTU9jKyd3fL9EOlfw=="
    },
    "dotenv": {
      "version": "8.2.0",
      "resolved": "https://registry.npmjs.org/dotenv/-/dotenv-8.2.0.tgz",
      "integrity": "sha512-8sJ78ElpbDJBHNeBzUbUVLsqKdccaa/BXF1uPTw3GrvQTBgrQrtObr2mUrE38vzYd8cEv+m/JBfDLioYcfXoaw=="
    }
  }
}
